Microsoft Visual Studio Solution File, Format Version 8.00
Project("{8BC9CEB8-8B4A-11D0-8D11-00A0C91BC942}") = "EditBinX", "EditBinX.vcproj", "{0D7BD925-80AE-40C4-98D7-B783A35B7228}"
	ProjectSection(ProjectDependencies) = postProject
	EndProjectSection
EndProject
Global
	GlobalSection(SolutionConfiguration) = preSolution
		Debug = Debug
		Release = Release
	EndGlobalSection
	GlobalSection(ProjectDependencies) = postSolution
	EndGlobalSection
	GlobalSection(ProjectConfiguration) = postSolution
		{0D7BD925-80AE-40C4-98D7-B783A35B7228}.Debug.ActiveCfg = Debug|Win32
		{0D7BD925-80AE-40C4-98D7-B783A35B7228}.Debug.Build.0 = Debug|Win32
		{0D7BD925-80AE-40C4-98D7-B783A35B7228}.Release.ActiveCfg = Release|Win32
		{0D7BD925-80AE-40C4-98D7-B783A35B7228}.Release.Build.0 = Release|Win32
	EndGlobalSection
	GlobalSection(ExtensibilityGlobals) = postSolution
	EndGlobalSection
	GlobalSection(ExtensibilityAddIns) = postSolution
	EndGlobalSection
EndGlobal
