<?xml version="1.0" encoding="utf-8"?>
<Project ToolsVersion="4.0" xmlns="http://schemas.microsoft.com/developer/msbuild/2003">
  <ItemGroup>
    <Filter Include="Source Files">
      <UniqueIdentifier>{44f476c7-b4ec-42db-a3e5-dfa441a765ea}</UniqueIdentifier>
      <Extensions>cpp;c;cxx;rc;def;r;odl;idl;hpj;bat</Extensions>
    </Filter>
    <Filter Include="Header Files">
      <UniqueIdentifier>{a4cb91a7-ee09-4009-b05d-397303322cb3}</UniqueIdentifier>
      <Extensions>h;hpp;hxx;hm;inl</Extensions>
    </Filter>
  </ItemGroup>
  <ItemGroup>
    <ClCompile Include="ximabmp.cpp">
      <Filter>Source Files</Filter>
    </ClCompile>
    <ClCompile Include="ximaenc.cpp">
      <Filter>Source Files</Filter>
    </ClCompile>
    <ClCompile Include="xImage.cpp">
      <Filter>Source Files</Filter>
    </ClCompile>
    <ClCompile Include="ximainfo.cpp">
      <Filter>Source Files</Filter>
    </ClCompile>
    <ClCompile Include="ximaint.cpp">
      <Filter>Source Files</Filter>
    </ClCompile>
    <ClCompile Include="ximalpha.cpp">
      <Filter>Source Files</Filter>
    </ClCompile>
    <ClCompile Include="ximapal.cpp">
      <Filter>Source Files</Filter>
    </ClCompile>
    <ClCompile Include="ximapng.cpp">
      <Filter>Source Files</Filter>
    </ClCompile>
    <ClCompile Include="ximath.cpp">
      <Filter>Source Files</Filter>
    </ClCompile>
    <ClCompile Include="ximatran.cpp">
      <Filter>Source Files</Filter>
    </ClCompile>
    <ClCompile Include="ximawnd.cpp">
      <Filter>Source Files</Filter>
    </ClCompile>
    <ClCompile Include="xmemfile.cpp">
      <Filter>Source Files</Filter>
    </ClCompile>
  </ItemGroup>
  <ItemGroup>
    <ClInclude Include="xfile.h">
      <Filter>Header Files</Filter>
    </ClInclude>
    <ClInclude Include="ximabmp.h">
      <Filter>Header Files</Filter>
    </ClInclude>
    <ClInclude Include="ximacfg.h">
      <Filter>Header Files</Filter>
    </ClInclude>
    <ClInclude Include="ximadef.h">
      <Filter>Header Files</Filter>
    </ClInclude>
    <ClInclude Include="xImage.h">
      <Filter>Header Files</Filter>
    </ClInclude>
    <ClInclude Include="ximaiter.h">
      <Filter>Header Files</Filter>
    </ClInclude>
    <ClInclude Include="ximapng.h">
      <Filter>Header Files</Filter>
    </ClInclude>
    <ClInclude Include="ximath.h">
      <Filter>Header Files</Filter>
    </ClInclude>
    <ClInclude Include="xiofile.h">
      <Filter>Header Files</Filter>
    </ClInclude>
    <ClInclude Include="xmemfile.h">
      <Filter>Header Files</Filter>
    </ClInclude>
  </ItemGroup>
</Project>